
Microsoft Visual Studio Solution File, Format Version 12.00
# Visual Studio Version 16
VisualStudioVersion = 16.0.31605.320
MinimumVisualStudioVersion = 10.0.40219.1
Project("{FAE04EC0-301F-11D3-BF4B-00C04F79EFBC}") = "OTUS.SOLID", "OTUS.SOLID\OTUS.SOLID.csproj", "{BAF02107-0E2F-4193-9817-8659B1AFCC51}"
EndProject
Global
	GlobalSection(SolutionConfigurationPlatforms) = preSolution
		Debug|Any CPU = Debug|Any CPU
		Release|Any CPU = Release|Any CPU
	EndGlobalSection
	GlobalSection(ProjectConfigurationPlatforms) = postSolution
		{BAF02107-0E2F-4193-9817-8659B1AFCC51}.Debug|Any CPU.ActiveCfg = Debug|Any CPU
		{BAF02107-0E2F-4193-9817-8659B1AFCC51}.Debug|Any CPU.Build.0 = Debug|Any CPU
		{BAF02107-0E2F-4193-9817-8659B1AFCC51}.Release|Any CPU.ActiveCfg = Release|Any CPU
		{BAF02107-0E2F-4193-9817-8659B1AFCC51}.Release|Any CPU.Build.0 = Release|Any CPU
	EndGlobalSection
	GlobalSection(SolutionProperties) = preSolution
		HideSolutionNode = FALSE
	EndGlobalSection
	GlobalSection(ExtensibilityGlobals) = postSolution
		SolutionGuid = {7A66D173-39AD-4671-A356-23FAA3FD927D}
	EndGlobalSection
EndGlobal
